
Microsoft Visual Studio Solution File, Format Version 12.00
# Visual Studio Version 16
VisualStudioVersion = 16.0.32002.261
MinimumVisualStudioVersion = 10.0.40219.1
Project("{FAE04EC0-301F-11D3-BF4B-00C04F79EFBC}") = "PizzeriaApp", "PizzeriaApp\PizzeriaApp.csproj", "{C8A75FDA-AA48-4FDE-AFAC-85D25448461F}"
EndProject
Global
	GlobalSection(SolutionConfigurationPlatforms) = preSolution
		Debug|Any CPU = Debug|Any CPU
		Release|Any CPU = Release|Any CPU
	EndGlobalSection
	GlobalSection(ProjectConfigurationPlatforms) = postSolution
		{C8A75FDA-AA48-4FDE-AFAC-85D25448461F}.Debug|Any CPU.ActiveCfg = Debug|Any CPU
		{C8A75FDA-AA48-4FDE-AFAC-85D25448461F}.Debug|Any CPU.Build.0 = Debug|Any CPU
		{C8A75FDA-AA48-4FDE-AFAC-85D25448461F}.Release|Any CPU.ActiveCfg = Release|Any CPU
		{C8A75FDA-AA48-4FDE-AFAC-85D25448461F}.Release|Any CPU.Build.0 = Release|Any CPU
	EndGlobalSection
	GlobalSection(SolutionProperties) = preSolution
		HideSolutionNode = FALSE
	EndGlobalSection
	GlobalSection(ExtensibilityGlobals) = postSolution
		SolutionGuid = {F45C703A-4664-4CF5-8E46-8F934601C238}
	EndGlobalSection
EndGlobal
